{
  "name": "@snk/github-user-contribution",
  "version": "1.0.0",
  "lockfileVersion": 3,
  "requires": true,
  "packages": {
    "": {
      "name": "@snk/github-user-contribution",
      "version": "1.0.0",
      "dependencies": {
        "@snk/github-user-contribution": "file:../github-user-contribution"
      },
      "devDependencies": {
        "dotenv": "16.4.5"
      }
    },
    "../github-user-contribution": {
      "name": "@snk/github-user-contribution",
      "version": "1.0.0",
      "dependencies": {
        "@snk/github-user-contribution": "file:../github-user-contribution"
      },
      "devDependencies": {
        "dotenv": "16.4.5"
      }
    },
    "node_modules/@snk/github-user-contribution": {
      "resolved": "../github-user-contribution",
      "link": true
    },
    "node_modules/dotenv": {
      "version": "16.4.5",
      "resolved": "https://registry.npmjs.org/dotenv/-/dotenv-16.4.5.tgz",
      "integrity": "sha512-ZmdL2rui+eB2YwhsWzjInR8LldtZHGDoQ1ugH85ppHKwpUHL7j7rN0Ti9NCnGiQbhaZ11FpR+7ao1dNsmduNUg==",
      "dev": true,
      "license": "BSD-2-Clause",
      "engines": {
        "node": ">=12"
      },
      "funding": {
        "url": "https://dotenvx.com"
      }
    }
  }
}
